
Microsoft Visual Studio Solution File, Format Version 12.00
# Visual Studio Version 16
VisualStudioVersion = 16.0.30523.141
MinimumVisualStudioVersion = 10.0.40219.1
Project("{9A19103F-16F7-4668-BE54-9A1E7A4F7556}") = "QuickStartJsonFormat", "QuickStartJsonFormat\QuickStartJsonFormat.csproj", "{E5AED18A-AFED-49F5-B8FF-A6DD0231F529}"
EndProject
Project("{E53339B2-1760-4266-BCC7-CA923CBCF16C}") = "docker-compose", "docker-compose.dcproj", "{4C0DB625-728D-4B0B-8280-284BDEF340D6}"
EndProject
Global
	GlobalSection(SolutionConfigurationPlatforms) = preSolution
		Debug|Any CPU = Debug|Any CPU
		Release|Any CPU = Release|Any CPU
	EndGlobalSection
	GlobalSection(ProjectConfigurationPlatforms) = postSolution
		{E5AED18A-AFED-49F5-B8FF-A6DD0231F529}.Debug|Any CPU.ActiveCfg = Debug|Any CPU
		{E5AED18A-AFED-49F5-B8FF-A6DD0231F529}.Debug|Any CPU.Build.0 = Debug|Any CPU
		{E5AED18A-AFED-49F5-B8FF-A6DD0231F529}.Release|Any CPU.ActiveCfg = Release|Any CPU
		{E5AED18A-AFED-49F5-B8FF-A6DD0231F529}.Release|Any CPU.Build.0 = Release|Any CPU
		{4C0DB625-728D-4B0B-8280-284BDEF340D6}.Debug|Any CPU.ActiveCfg = Debug|Any CPU
		{4C0DB625-728D-4B0B-8280-284BDEF340D6}.Debug|Any CPU.Build.0 = Debug|Any CPU
		{4C0DB625-728D-4B0B-8280-284BDEF340D6}.Release|Any CPU.ActiveCfg = Release|Any CPU
		{4C0DB625-728D-4B0B-8280-284BDEF340D6}.Release|Any CPU.Build.0 = Release|Any CPU
	EndGlobalSection
	GlobalSection(SolutionProperties) = preSolution
		HideSolutionNode = FALSE
	EndGlobalSection
	GlobalSection(ExtensibilityGlobals) = postSolution
		SolutionGuid = {E829E3B5-6058-4888-85C9-B922912D1B56}
	EndGlobalSection
EndGlobal
